// !$*UTF8*$!
{
	archiveVersion = 1;
	classes = {
	};
	objectVersion = 51;
	objects = {

/* Begin PBXBuildFile section */
		3FA38996C8D9A9AAD4C481A3 /* Pods_Skylabs.framework in Frameworks */ = {isa = PBXBuildFile; fileRef = 4FF8EE12DC5E2EB9BECC27F2 /* Pods_Skylabs.framework */; };
		B209D61C258ADD0C00257607 /* UIImageView+.swift in Sources */ = {isa = PBXBuildFile; fileRef = B209D61B258ADD0C00257607 /* UIImageView+.swift */; };
		B21CECBC258D48A000B3A30B /* PersonDetailViewController.swift in Sources */ = {isa = PBXBuildFile; fileRef = B21CECBB258D48A000B3A30B /* PersonDetailViewController.swift */; };
		B21CECBF258D48BE00B3A30B /* PersonDetailViewModel.swift in Sources */ = {isa = PBXBuildFile; fileRef = B21CECBE258D48BE00B3A30B /* PersonDetailViewModel.swift */; };
		B21CECC3258D4A5200B3A30B /* DetailContainerView.swift in Sources */ = {isa = PBXBuildFile; fileRef = B21CECC2258D4A5200B3A30B /* DetailContainerView.swift */; };
		B21CECC6258D4A5D00B3A30B /* ViewContents.swift in Sources */ = {isa = PBXBuildFile; fileRef = B21CECC5258D4A5D00B3A30B /* ViewContents.swift */; };
		B21CECCB258D59F300B3A30B /* DetailContainerView+PeopleDescription.swift in Sources */ = {isa = PBXBuildFile; fileRef = B21CECCA258D59F300B3A30B /* DetailContainerView+PeopleDescription.swift */; };
		B21CECCF258D5AEB00B3A30B /* DescriptionView.swift in Sources */ = {isa = PBXBuildFile; fileRef = B21CECCE258D5AEB00B3A30B /* DescriptionView.swift */; };
		B21CECD3258D60B700B3A30B /* UINavigationController+.swift in Sources */ = {isa = PBXBuildFile; fileRef = B21CECD2258D60B700B3A30B /* UINavigationController+.swift */; };
		B21CECD7258D63F100B3A30B /* DetailContainerView+Films.swift in Sources */ = {isa = PBXBuildFile; fileRef = B21CECD6258D63F100B3A30B /* DetailContainerView+Films.swift */; };
		B21CECDC258DFBE000B3A30B /* UILabels+.swift in Sources */ = {isa = PBXBuildFile; fileRef = B21CECDB258DFBE000B3A30B /* UILabels+.swift */; };
		B21CECE0258E17EE00B3A30B /* DetailContainerView+Vehicles.swift in Sources */ = {isa = PBXBuildFile; fileRef = B21CECDF258E17EE00B3A30B /* DetailContainerView+Vehicles.swift */; };
		B21CECE4258E1E7200B3A30B /* LoadingView.swift in Sources */ = {isa = PBXBuildFile; fileRef = B21CECE3258E1E7200B3A30B /* LoadingView.swift */; };
		B21CECE7258E200800B3A30B /* UIViewController+.swift in Sources */ = {isa = PBXBuildFile; fileRef = B21CECE6258E200800B3A30B /* UIViewController+.swift */; };
		B2401064258A93DB001AAECE /* MainViewController.swift in Sources */ = {isa = PBXBuildFile; fileRef = B2401063258A93DB001AAECE /* MainViewController.swift */; };
		B2401069258A947B001AAECE /* FillButton.swift in Sources */ = {isa = PBXBuildFile; fileRef = B2401068258A947B001AAECE /* FillButton.swift */; };
		B240106E258A9561001AAECE /* UIView+.swift in Sources */ = {isa = PBXBuildFile; fileRef = B240106D258A9561001AAECE /* UIView+.swift */; };
		B2401076258A97AC001AAECE /* StarWarsPeopleViewController.swift in Sources */ = {isa = PBXBuildFile; fileRef = B2401075258A97AC001AAECE /* StarWarsPeopleViewController.swift */; };
		B2401079258A97B8001AAECE /* StarWarsPeopleViewModel.swift in Sources */ = {isa = PBXBuildFile; fileRef = B2401078258A97B8001AAECE /* StarWarsPeopleViewModel.swift */; };
		B240107C258A9838001AAECE /* String+.swift in Sources */ = {isa = PBXBuildFile; fileRef = B240107B258A9838001AAECE /* String+.swift */; };
		B24010AC258AAE1A001AAECE /* StarWarsPeopleViewController+UICollectionView.swift in Sources */ = {isa = PBXBuildFile; fileRef = B24010AA258AAE1A001AAECE /* StarWarsPeopleViewController+UICollectionView.swift */; };
		B24010AD258AAE1A001AAECE /* StarWarsPeopleViewController+UITableView.swift in Sources */ = {isa = PBXBuildFile; fileRef = B24010AB258AAE1A001AAECE /* StarWarsPeopleViewController+UITableView.swift */; };
		B24010B2258AAE27001AAECE /* CollectionCell.swift in Sources */ = {isa = PBXBuildFile; fileRef = B24010B0258AAE27001AAECE /* CollectionCell.swift */; };
		B24010B3258AAE27001AAECE /* TableCell.swift in Sources */ = {isa = PBXBuildFile; fileRef = B24010B1258AAE27001AAECE /* TableCell.swift */; };
		B24010BB258AAED6001AAECE /* Podfile in Resources */ = {isa = PBXBuildFile; fileRef = B24010BA258AAED6001AAECE /* Podfile */; };
		B278253C25896CC7004F1721 /* AppDelegate.swift in Sources */ = {isa = PBXBuildFile; fileRef = B278253B25896CC7004F1721 /* AppDelegate.swift */; };
		B278253E25896CC7004F1721 /* SceneDelegate.swift in Sources */ = {isa = PBXBuildFile; fileRef = B278253D25896CC7004F1721 /* SceneDelegate.swift */; };
		B278254525896CC9004F1721 /* Assets.xcassets in Resources */ = {isa = PBXBuildFile; fileRef = B278254425896CC9004F1721 /* Assets.xcassets */; };
		B278254825896CC9004F1721 /* LaunchScreen.storyboard in Resources */ = {isa = PBXBuildFile; fileRef = B278254625896CC9004F1721 /* LaunchScreen.storyboard */; };
		B2E65E61258984F20014F696 /* ParametersEncoding.swift in Sources */ = {isa = PBXBuildFile; fileRef = B2E65E4F258984F20014F696 /* ParametersEncoding.swift */; };
		B2E65E62258984F20014F696 /* HTTPMethod.swift in Sources */ = {isa = PBXBuildFile; fileRef = B2E65E50258984F20014F696 /* HTTPMethod.swift */; };
		B2E65E63258984F20014F696 /* Task.swift in Sources */ = {isa = PBXBuildFile; fileRef = B2E65E51258984F20014F696 /* Task.swift */; };
		B2E65E65258984F20014F696 /* URLSessionProvider.swift in Sources */ = {isa = PBXBuildFile; fileRef = B2E65E54258984F20014F696 /* URLSessionProvider.swift */; };
		B2E65E66258984F20014F696 /* URLComponentsExtension.swift in Sources */ = {isa = PBXBuildFile; fileRef = B2E65E56258984F20014F696 /* URLComponentsExtension.swift */; };
		B2E65E67258984F20014F696 /* URLRequestExtension.swift in Sources */ = {isa = PBXBuildFile; fileRef = B2E65E57258984F20014F696 /* URLRequestExtension.swift */; };
		B2E65E68258984F20014F696 /* DefaultConfigurator.swift in Sources */ = {isa = PBXBuildFile; fileRef = B2E65E58258984F20014F696 /* DefaultConfigurator.swift */; };
		B2E65E69258984F20014F696 /* ServiceProtocol.swift in Sources */ = {isa = PBXBuildFile; fileRef = B2E65E5A258984F20014F696 /* ServiceProtocol.swift */; };
		B2E65E6A258984F20014F696 /* StarWarsProtocol.swift in Sources */ = {isa = PBXBuildFile; fileRef = B2E65E5C258984F20014F696 /* StarWarsProtocol.swift */; };
		B2E65E6C258984F20014F696 /* URLSessionProtocol.swift in Sources */ = {isa = PBXBuildFile; fileRef = B2E65E5E258984F20014F696 /* URLSessionProtocol.swift */; };
		B2E65E6D258984F20014F696 /* ProviderProtocol.swift in Sources */ = {isa = PBXBuildFile; fileRef = B2E65E5F258984F20014F696 /* ProviderProtocol.swift */; };
		B2E65E74258985E00014F696 /* NetworkError.swift in Sources */ = {isa = PBXBuildFile; fileRef = B2E65E73258985E00014F696 /* NetworkError.swift */; };
		B2E65E7C25898ACE0014F696 /* StarwarsModels.swift in Sources */ = {isa = PBXBuildFile; fileRef = B2E65E7B25898ACE0014F696 /* StarwarsModels.swift */; };
		B2E65E8025898B3F0014F696 /* StarwarsServices.swift in Sources */ = {isa = PBXBuildFile; fileRef = B2E65E7F25898B3F0014F696 /* StarwarsServices.swift */; };
		B2E65E8325898B740014F696 /* StarwarsLogic.swift in Sources */ = {isa = PBXBuildFile; fileRef = B2E65E8225898B740014F696 /* StarwarsLogic.swift */; };
/* End PBXBuildFile section */

/* Begin PBXFileReference section */
		4FF8EE12DC5E2EB9BECC27F2 /* Pods_Skylabs.framework */ = {isa = PBXFileReference; explicitFileType = wrapper.framework; includeInIndex = 0; path = Pods_Skylabs.framework; sourceTree = BUILT_PRODUCTS_DIR; };
		6FB4856CB384116221C5954B /* Pods-Skylabs.release.xcconfig */ = {isa = PBXFileReference; includeInIndex = 1; lastKnownFileType = text.xcconfig; name = "Pods-Skylabs.release.xcconfig"; path = "Target Support Files/Pods-Skylabs/Pods-Skylabs.release.xcconfig"; sourceTree = "<group>"; };
		B209D61B258ADD0C00257607 /* UIImageView+.swift */ = {isa = PBXFileReference; lastKnownFileType = sourcecode.swift; path = "UIImageView+.swift"; sourceTree = "<group>"; };
		B21CECBB258D48A000B3A30B /* PersonDetailViewController.swift */ = {isa = PBXFileReference; lastKnownFileType = sourcecode.swift; path = PersonDetailViewController.swift; sourceTree = "<group>"; };
		B21CECBE258D48BE00B3A30B /* PersonDetailViewModel.swift */ = {isa = PBXFileReference; lastKnownFileType = sourcecode.swift; path = PersonDetailViewModel.swift; sourceTree = "<group>"; };
		B21CECC2258D4A5200B3A30B /* DetailContainerView.swift */ = {isa = PBXFileReference; lastKnownFileType = sourcecode.swift; path = DetailContainerView.swift; sourceTree = "<group>"; };
		B21CECC5258D4A5D00B3A30B /* ViewContents.swift */ = {isa = PBXFileReference; lastKnownFileType = sourcecode.swift; path = ViewContents.swift; sourceTree = "<group>"; };
		B21CECCA258D59F300B3A30B /* DetailContainerView+PeopleDescription.swift */ = {isa = PBXFileReference; lastKnownFileType = sourcecode.swift; path = "DetailContainerView+PeopleDescription.swift"; sourceTree = "<group>"; };
		B21CECCE258D5AEB00B3A30B /* DescriptionView.swift */ = {isa = PBXFileReference; lastKnownFileType = sourcecode.swift; path = DescriptionView.swift; sourceTree = "<group>"; };
		B21CECD2258D60B700B3A30B /* UINavigationController+.swift */ = {isa = PBXFileReference; lastKnownFileType = sourcecode.swift; path = "UINavigationController+.swift"; sourceTree = "<group>"; };
		B21CECD6258D63F100B3A30B /* DetailContainerView+Films.swift */ = {isa = PBXFileReference; lastKnownFileType = sourcecode.swift; path = "DetailContainerView+Films.swift"; sourceTree = "<group>"; };
		B21CECDB258DFBE000B3A30B /* UILabels+.swift */ = {isa = PBXFileReference; lastKnownFileType = sourcecode.swift; path = "UILabels+.swift"; sourceTree = "<group>"; };
		B21CECDF258E17EE00B3A30B /* DetailContainerView+Vehicles.swift */ = {isa = PBXFileReference; lastKnownFileType = sourcecode.swift; path = "DetailContainerView+Vehicles.swift"; sourceTree = "<group>"; };
		B21CECE3258E1E7200B3A30B /* LoadingView.swift */ = {isa = PBXFileReference; lastKnownFileType = sourcecode.swift; path = LoadingView.swift; sourceTree = "<group>"; };
		B21CECE6258E200800B3A30B /* UIViewController+.swift */ = {isa = PBXFileReference; lastKnownFileType = sourcecode.swift; path = "UIViewController+.swift"; sourceTree = "<group>"; };
		B2401063258A93DB001AAECE /* MainViewController.swift */ = {isa = PBXFileReference; lastKnownFileType = sourcecode.swift; path = MainViewController.swift; sourceTree = "<group>"; };
		B2401068258A947B001AAECE /* FillButton.swift */ = {isa = PBXFileReference; lastKnownFileType = sourcecode.swift; path = FillButton.swift; sourceTree = "<group>"; };
		B240106D258A9561001AAECE /* UIView+.swift */ = {isa = PBXFileReference; lastKnownFileType = sourcecode.swift; path = "UIView+.swift"; sourceTree = "<group>"; };
		B2401075258A97AC001AAECE /* StarWarsPeopleViewController.swift */ = {isa = PBXFileReference; lastKnownFileType = sourcecode.swift; path = StarWarsPeopleViewController.swift; sourceTree = "<group>"; };
		B2401078258A97B8001AAECE /* StarWarsPeopleViewModel.swift */ = {isa = PBXFileReference; lastKnownFileType = sourcecode.swift; path = StarWarsPeopleViewModel.swift; sourceTree = "<group>"; };
		B240107B258A9838001AAECE /* String+.swift */ = {isa = PBXFileReference; lastKnownFileType = sourcecode.swift; path = "String+.swift"; sourceTree = "<group>"; };
		B24010AA258AAE1A001AAECE /* StarWarsPeopleViewController+UICollectionView.swift */ = {isa = PBXFileReference; fileEncoding = 4; lastKnownFileType = sourcecode.swift; path = "StarWarsPeopleViewController+UICollectionView.swift"; sourceTree = "<group>"; };
		B24010AB258AAE1A001AAECE /* StarWarsPeopleViewController+UITableView.swift */ = {isa = PBXFileReference; fileEncoding = 4; lastKnownFileType = sourcecode.swift; path = "StarWarsPeopleViewController+UITableView.swift"; sourceTree = "<group>"; };
		B24010B0258AAE27001AAECE /* CollectionCell.swift */ = {isa = PBXFileReference; fileEncoding = 4; lastKnownFileType = sourcecode.swift; path = CollectionCell.swift; sourceTree = "<group>"; };
		B24010B1258AAE27001AAECE /* TableCell.swift */ = {isa = PBXFileReference; fileEncoding = 4; lastKnownFileType = sourcecode.swift; path = TableCell.swift; sourceTree = "<group>"; };
		B24010BA258AAED6001AAECE /* Podfile */ = {isa = PBXFileReference; fileEncoding = 4; lastKnownFileType = text; path = Podfile; sourceTree = "<group>"; xcLanguageSpecificationIdentifier = xcode.lang.ruby; };
		B278253825896CC7004F1721 /* Skylabs.app */ = {isa = PBXFileReference; explicitFileType = wrapper.application; includeInIndex = 0; path = Skylabs.app; sourceTree = BUILT_PRODUCTS_DIR; };
		B278253B25896CC7004F1721 /* AppDelegate.swift */ = {isa = PBXFileReference; lastKnownFileType = sourcecode.swift; path = AppDelegate.swift; sourceTree = "<group>"; };
		B278253D25896CC7004F1721 /* SceneDelegate.swift */ = {isa = PBXFileReference; lastKnownFileType = sourcecode.swift; path = SceneDelegate.swift; sourceTree = "<group>"; };
		B278254425896CC9004F1721 /* Assets.xcassets */ = {isa = PBXFileReference; lastKnownFileType = folder.assetcatalog; path = Assets.xcassets; sourceTree = "<group>"; };
		B278254725896CC9004F1721 /* Base */ = {isa = PBXFileReference; lastKnownFileType = file.storyboard; name = Base; path = Base.lproj/LaunchScreen.storyboard; sourceTree = "<group>"; };
		B278254925896CC9004F1721 /* Info.plist */ = {isa = PBXFileReference; lastKnownFileType = text.plist.xml; path = Info.plist; sourceTree = "<group>"; };
		B2E65E4F258984F20014F696 /* ParametersEncoding.swift */ = {isa = PBXFileReference; fileEncoding = 4; lastKnownFileType = sourcecode.swift; path = ParametersEncoding.swift; sourceTree = "<group>"; };
		B2E65E50258984F20014F696 /* HTTPMethod.swift */ = {isa = PBXFileReference; fileEncoding = 4; lastKnownFileType = sourcecode.swift; path = HTTPMethod.swift; sourceTree = "<group>"; };
		B2E65E51258984F20014F696 /* Task.swift */ = {isa = PBXFileReference; fileEncoding = 4; lastKnownFileType = sourcecode.swift; path = Task.swift; sourceTree = "<group>"; };
		B2E65E54258984F20014F696 /* URLSessionProvider.swift */ = {isa = PBXFileReference; fileEncoding = 4; lastKnownFileType = sourcecode.swift; path = URLSessionProvider.swift; sourceTree = "<group>"; };
		B2E65E56258984F20014F696 /* URLComponentsExtension.swift */ = {isa = PBXFileReference; fileEncoding = 4; lastKnownFileType = sourcecode.swift; path = URLComponentsExtension.swift; sourceTree = "<group>"; };
		B2E65E57258984F20014F696 /* URLRequestExtension.swift */ = {isa = PBXFileReference; fileEncoding = 4; lastKnownFileType = sourcecode.swift; path = URLRequestExtension.swift; sourceTree = "<group>"; };
		B2E65E58258984F20014F696 /* DefaultConfigurator.swift */ = {isa = PBXFileReference; fileEncoding = 4; lastKnownFileType = sourcecode.swift; path = DefaultConfigurator.swift; sourceTree = "<group>"; };
		B2E65E5A258984F20014F696 /* ServiceProtocol.swift */ = {isa = PBXFileReference; fileEncoding = 4; lastKnownFileType = sourcecode.swift; path = ServiceProtocol.swift; sourceTree = "<group>"; };
		B2E65E5C258984F20014F696 /* StarWarsProtocol.swift */ = {isa = PBXFileReference; fileEncoding = 4; lastKnownFileType = sourcecode.swift; path = StarWarsProtocol.swift; sourceTree = "<group>"; };
		B2E65E5E258984F20014F696 /* URLSessionProtocol.swift */ = {isa = PBXFileReference; fileEncoding = 4; lastKnownFileType = sourcecode.swift; path = URLSessionProtocol.swift; sourceTree = "<group>"; };
		B2E65E5F258984F20014F696 /* ProviderProtocol.swift */ = {isa = PBXFileReference; fileEncoding = 4; lastKnownFileType = sourcecode.swift; path = ProviderProtocol.swift; sourceTree = "<group>"; };
		B2E65E73258985E00014F696 /* NetworkError.swift */ = {isa = PBXFileReference; lastKnownFileType = sourcecode.swift; path = NetworkError.swift; sourceTree = "<group>"; };
		B2E65E7B25898ACE0014F696 /* StarwarsModels.swift */ = {isa = PBXFileReference; lastKnownFileType = sourcecode.swift; path = StarwarsModels.swift; sourceTree = "<group>"; };
		B2E65E7F25898B3F0014F696 /* StarwarsServices.swift */ = {isa = PBXFileReference; lastKnownFileType = sourcecode.swift; path = StarwarsServices.swift; sourceTree = "<group>"; };
		B2E65E8225898B740014F696 /* StarwarsLogic.swift */ = {isa = PBXFileReference; lastKnownFileType = sourcecode.swift; path = StarwarsLogic.swift; sourceTree = "<group>"; };
		CE1CE4AC6DB79A72E02CBDE3 /* Pods-Skylabs.debug.xcconfig */ = {isa = PBXFileReference; includeInIndex = 1; lastKnownFileType = text.xcconfig; name = "Pods-Skylabs.debug.xcconfig"; path = "Target Support Files/Pods-Skylabs/Pods-Skylabs.debug.xcconfig"; sourceTree = "<group>"; };
/* End PBXFileReference section */

/* Begin PBXFrameworksBuildPhase section */
		B278253525896CC7004F1721 /* Frameworks */ = {
			isa = PBXFrameworksBuildPhase;
			buildActionMask = 2147483647;
			files = (
				3FA38996C8D9A9AAD4C481A3 /* Pods_Skylabs.framework in Frameworks */,
			);
			runOnlyForDeploymentPostprocessing = 0;
		};
/* End PBXFrameworksBuildPhase section */

/* Begin PBXGroup section */
		6DD73D9435501AD04990BACA /* Pods */ = {
			isa = PBXGroup;
			children = (
				CE1CE4AC6DB79A72E02CBDE3 /* Pods-Skylabs.debug.xcconfig */,
				6FB4856CB384116221C5954B /* Pods-Skylabs.release.xcconfig */,
			);
			path = Pods;
			sourceTree = "<group>";
		};
		9398B1931B7F900ECBF9BB14 /* Frameworks */ = {
			isa = PBXGroup;
			children = (
				4FF8EE12DC5E2EB9BECC27F2 /* Pods_Skylabs.framework */,
			);
			name = Frameworks;
			sourceTree = "<group>";
		};
		B21CECBA258D489100B3A30B /* Detail */ = {
			isa = PBXGroup;
			children = (
				B21CECBB258D48A000B3A30B /* PersonDetailViewController.swift */,
				B21CECBE258D48BE00B3A30B /* PersonDetailViewModel.swift */,
				B21CECC1258D4A4100B3A30B /* Views */,
			);
			path = Detail;
			sourceTree = "<group>";
		};
		B21CECC1258D4A4100B3A30B /* Views */ = {
			isa = PBXGroup;
			children = (
				B21CECC2258D4A5200B3A30B /* DetailContainerView.swift */,
				B21CECD6258D63F100B3A30B /* DetailContainerView+Films.swift */,
				B21CECCA258D59F300B3A30B /* DetailContainerView+PeopleDescription.swift */,
				B21CECDF258E17EE00B3A30B /* DetailContainerView+Vehicles.swift */,
				B21CECC5258D4A5D00B3A30B /* ViewContents.swift */,
			);
			path = Views;
			sourceTree = "<group>";
		};
		B2401061258A93C5001AAECE /* ViewControllers */ = {
			isa = PBXGroup;
			children = (
				B21CECBA258D489100B3A30B /* Detail */,
				B2401062258A93CB001AAECE /* Main */,
				B2401073258A978B001AAECE /* StarWarsPeople */,
			);
			path = ViewControllers;
			sourceTree = "<group>";
		};
		B2401062258A93CB001AAECE /* Main */ = {
			isa = PBXGroup;
			children = (
				B2401063258A93DB001AAECE /* MainViewController.swift */,
			);
			path = Main;
			sourceTree = "<group>";
		};
		B2401067258A946A001AAECE /* UIElements */ = {
			isa = PBXGroup;
			children = (
				B2401068258A947B001AAECE /* FillButton.swift */,
				B21CECDB258DFBE000B3A30B /* UILabels+.swift */,
			);
			path = UIElements;
			sourceTree = "<group>";
		};
		B240106C258A9556001AAECE /* Utilities */ = {
			isa = PBXGroup;
			children = (
				B240107B258A9838001AAECE /* String+.swift */,
				B209D61B258ADD0C00257607 /* UIImageView+.swift */,
				B21CECD2258D60B700B3A30B /* UINavigationController+.swift */,
				B240106D258A9561001AAECE /* UIView+.swift */,
				B21CECE6258E200800B3A30B /* UIViewController+.swift */,
			);
			path = Utilities;
			sourceTree = "<group>";
		};
		B2401073258A978B001AAECE /* StarWarsPeople */ = {
			isa = PBXGroup;
			children = (
				B2401075258A97AC001AAECE /* StarWarsPeopleViewController.swift */,
				B24010AA258AAE1A001AAECE /* StarWarsPeopleViewController+UICollectionView.swift */,
				B24010AB258AAE1A001AAECE /* StarWarsPeopleViewController+UITableView.swift */,
				B2401078258A97B8001AAECE /* StarWarsPeopleViewModel.swift */,
			);
			path = StarWarsPeople;
			sourceTree = "<group>";
		};
		B24010AF258AAE27001AAECE /* Views */ = {
			isa = PBXGroup;
			children = (
				B24010B0258AAE27001AAECE /* CollectionCell.swift */,
				B21CECCE258D5AEB00B3A30B /* DescriptionView.swift */,
				B21CECE3258E1E7200B3A30B /* LoadingView.swift */,
				B24010B1258AAE27001AAECE /* TableCell.swift */,
			);
			path = Views;
			sourceTree = "<group>";
		};
		B278252F25896CC7004F1721 = {
			isa = PBXGroup;
			children = (
				B24010BA258AAED6001AAECE /* Podfile */,
				B278253A25896CC7004F1721 /* Skylabs */,
				B278253925896CC7004F1721 /* Products */,
				6DD73D9435501AD04990BACA /* Pods */,
				9398B1931B7F900ECBF9BB14 /* Frameworks */,
			);
			sourceTree = "<group>";
		};
		B278253925896CC7004F1721 /* Products */ = {
			isa = PBXGroup;
			children = (
				B278253825896CC7004F1721 /* Skylabs.app */,
			);
			name = Products;
			sourceTree = "<group>";
		};
		B278253A25896CC7004F1721 /* Skylabs */ = {
			isa = PBXGroup;
			children = (
				B278254925896CC9004F1721 /* Info.plist */,
				B278253B25896CC7004F1721 /* AppDelegate.swift */,
				B278253D25896CC7004F1721 /* SceneDelegate.swift */,
				B278254425896CC9004F1721 /* Assets.xcassets */,
				B278254625896CC9004F1721 /* LaunchScreen.storyboard */,
				B2E65E7925898A910014F696 /* Models */,
				B2E65E7A25898A970014F696 /* Network */,
				B2E65E4C258984F20014F696 /* NetworkLayer */,
				B2401067258A946A001AAECE /* UIElements */,
				B240106C258A9556001AAECE /* Utilities */,
				B2401061258A93C5001AAECE /* ViewControllers */,
				B24010AF258AAE27001AAECE /* Views */,
			);
			path = Skylabs;
			sourceTree = "<group>";
		};
		B2E65E4C258984F20014F696 /* NetworkLayer */ = {
			isa = PBXGroup;
			children = (
				B2E65E58258984F20014F696 /* DefaultConfigurator.swift */,
				B2E65E4D258984F20014F696 /* Enums */,
				B2E65E55258984F20014F696 /* Extensions */,
				B2E65E59258984F20014F696 /* Protocols */,
				B2E65E53258984F20014F696 /* Provider */,
			);
			path = NetworkLayer;
			sourceTree = "<group>";
		};
		B2E65E4D258984F20014F696 /* Enums */ = {
			isa = PBXGroup;
			children = (
				B2E65E50258984F20014F696 /* HTTPMethod.swift */,
				B2E65E4F258984F20014F696 /* ParametersEncoding.swift */,
				B2E65E51258984F20014F696 /* Task.swift */,
				B2E65E73258985E00014F696 /* NetworkError.swift */,
			);
			path = Enums;
			sourceTree = "<group>";
		};
		B2E65E53258984F20014F696 /* Provider */ = {
			isa = PBXGroup;
			children = (
				B2E65E54258984F20014F696 /* URLSessionProvider.swift */,
			);
			path = Provider;
			sourceTree = "<group>";
		};
		B2E65E55258984F20014F696 /* Extensions */ = {
			isa = PBXGroup;
			children = (
				B2E65E56258984F20014F696 /* URLComponentsExtension.swift */,
				B2E65E57258984F20014F696 /* URLRequestExtension.swift */,
			);
			path = Extensions;
			sourceTree = "<group>";
		};
		B2E65E59258984F20014F696 /* Protocols */ = {
			isa = PBXGroup;
			children = (
				B2E65E5F258984F20014F696 /* ProviderProtocol.swift */,
				B2E65E5A258984F20014F696 /* ServiceProtocol.swift */,
				B2E65E5E258984F20014F696 /* URLSessionProtocol.swift */,
				B2E65E5B258984F20014F696 /* Extensions */,
			);
			path = Protocols;
			sourceTree = "<group>";
		};
		B2E65E5B258984F20014F696 /* Extensions */ = {
			isa = PBXGroup;
			children = (
				B2E65E5C258984F20014F696 /* StarWarsProtocol.swift */,
			);
			path = Extensions;
			sourceTree = "<group>";
		};
		B2E65E7925898A910014F696 /* Models */ = {
			isa = PBXGroup;
			children = (
				B2E65E7B25898ACE0014F696 /* StarwarsModels.swift */,
			);
			path = Models;
			sourceTree = "<group>";
		};
		B2E65E7A25898A970014F696 /* Network */ = {
			isa = PBXGroup;
			children = (
				B2E65E7F25898B3F0014F696 /* StarwarsServices.swift */,
				B2E65E8225898B740014F696 /* StarwarsLogic.swift */,
			);
			path = Network;
			sourceTree = "<group>";
		};
/* End PBXGroup section */

/* Begin PBXNativeTarget section */
		B278253725896CC7004F1721 /* Skylabs */ = {
			isa = PBXNativeTarget;
			buildConfigurationList = B278254C25896CC9004F1721 /* Build configuration list for PBXNativeTarget "Skylabs" */;
			buildPhases = (
				450C5A6FF8791D4484AD920F /* [CP] Check Pods Manifest.lock */,
				B278253425896CC7004F1721 /* Sources */,
				B278253525896CC7004F1721 /* Frameworks */,
				B278253625896CC7004F1721 /* Resources */,
				48064CC3418E5BCD908BEF2D /* [CP] Embed Pods Frameworks */,
			);
			buildRules = (
			);
			dependencies = (
			);
			name = Skylabs;
			productName = Skylabs;
			productReference = B278253825896CC7004F1721 /* Skylabs.app */;
			productType = "com.apple.product-type.application";
		};
/* End PBXNativeTarget section */

/* Begin PBXProject section */
		B278253025896CC7004F1721 /* Project object */ = {
			isa = PBXProject;
			attributes = {
				LastSwiftUpdateCheck = 1210;
				LastUpgradeCheck = 1210;
				TargetAttributes = {
					B278253725896CC7004F1721 = {
						CreatedOnToolsVersion = 12.1;
					};
				};
			};
			buildConfigurationList = B278253325896CC7004F1721 /* Build configuration list for PBXProject "Skylabs" */;
			compatibilityVersion = "Xcode 9.3";
			developmentRegion = en;
			hasScannedForEncodings = 0;
			knownRegions = (
				en,
				Base,
			);
			mainGroup = B278252F25896CC7004F1721;
			productRefGroup = B278253925896CC7004F1721 /* Products */;
			projectDirPath = "";
			projectRoot = "";
			targets = (
				B278253725896CC7004F1721 /* Skylabs */,
			);
		};
/* End PBXProject section */

/* Begin PBXResourcesBuildPhase section */
		B278253625896CC7004F1721 /* Resources */ = {
			isa = PBXResourcesBuildPhase;
			buildActionMask = 2147483647;
			files = (
				B24010BB258AAED6001AAECE /* Podfile in Resources */,
				B278254825896CC9004F1721 /* LaunchScreen.storyboard in Resources */,
				B278254525896CC9004F1721 /* Assets.xcassets in Resources */,
			);
			runOnlyForDeploymentPostprocessing = 0;
		};
/* End PBXResourcesBuildPhase section */

/* Begin PBXShellScriptBuildPhase section */
		450C5A6FF8791D4484AD920F /* [CP] Check Pods Manifest.lock */ = {
			isa = PBXShellScriptBuildPhase;
			buildActionMask = 2147483647;
			files = (
			);
			inputFileListPaths = (
			);
			inputPaths = (
				"${PODS_PODFILE_DIR_PATH}/Podfile.lock",
				"${PODS_ROOT}/Manifest.lock",
			);
			name = "[CP] Check Pods Manifest.lock";
			outputFileListPaths = (
			);
			outputPaths = (
				"$(DERIVED_FILE_DIR)/Pods-Skylabs-checkManifestLockResult.txt",
			);
			runOnlyForDeploymentPostprocessing = 0;
			shellPath = /bin/sh;
			shellScript = "diff \"${PODS_PODFILE_DIR_PATH}/Podfile.lock\" \"${PODS_ROOT}/Manifest.lock\" > /dev/null\nif [ $? != 0 ] ; then\n    # print error to STDERR\n    echo \"error: The sandbox is not in sync with the Podfile.lock. Run 'pod install' or update your CocoaPods installation.\" >&2\n    exit 1\nfi\n# This output is used by Xcode 'outputs' to avoid re-running this script phase.\necho \"SUCCESS\" > \"${SCRIPT_OUTPUT_FILE_0}\"\n";
			showEnvVarsInLog = 0;
		};
		48064CC3418E5BCD908BEF2D /* [CP] Embed Pods Frameworks */ = {
			isa = PBXShellScriptBuildPhase;
			buildActionMask = 2147483647;
			files = (
			);
			inputFileListPaths = (
				"${PODS_ROOT}/Target Support Files/Pods-Skylabs/Pods-Skylabs-frameworks-${CONFIGURATION}-input-files.xcfilelist",
			);
			name = "[CP] Embed Pods Frameworks";
			outputFileListPaths = (
				"${PODS_ROOT}/Target Support Files/Pods-Skylabs/Pods-Skylabs-frameworks-${CONFIGURATION}-output-files.xcfilelist",
			);
			runOnlyForDeploymentPostprocessing = 0;
			shellPath = /bin/sh;
			shellScript = "\"${PODS_ROOT}/Target Support Files/Pods-Skylabs/Pods-Skylabs-frameworks.sh\"\n";
			showEnvVarsInLog = 0;
		};
/* End PBXShellScriptBuildPhase section */

/* Begin PBXSourcesBuildPhase section */
		B278253425896CC7004F1721 /* Sources */ = {
			isa = PBXSourcesBuildPhase;
			buildActionMask = 2147483647;
			files = (
				B2401079258A97B8001AAECE /* StarWarsPeopleViewModel.swift in Sources */,
				B2E65E8025898B3F0014F696 /* StarwarsServices.swift in Sources */,
				B21CECE7258E200800B3A30B /* UIViewController+.swift in Sources */,
				B24010AD258AAE1A001AAECE /* StarWarsPeopleViewController+UITableView.swift in Sources */,
				B2E65E66258984F20014F696 /* URLComponentsExtension.swift in Sources */,
				B278253C25896CC7004F1721 /* AppDelegate.swift in Sources */,
				B21CECDC258DFBE000B3A30B /* UILabels+.swift in Sources */,
				B2E65E62258984F20014F696 /* HTTPMethod.swift in Sources */,
				B240106E258A9561001AAECE /* UIView+.swift in Sources */,
				B2401076258A97AC001AAECE /* StarWarsPeopleViewController.swift in Sources */,
				B21CECBF258D48BE00B3A30B /* PersonDetailViewModel.swift in Sources */,
				B2401064258A93DB001AAECE /* MainViewController.swift in Sources */,
				B21CECE4258E1E7200B3A30B /* LoadingView.swift in Sources */,
				B2E65E8325898B740014F696 /* StarwarsLogic.swift in Sources */,
				B24010AC258AAE1A001AAECE /* StarWarsPeopleViewController+UICollectionView.swift in Sources */,
				B21CECC6258D4A5D00B3A30B /* ViewContents.swift in Sources */,
				B2E65E69258984F20014F696 /* ServiceProtocol.swift in Sources */,
				B2E65E61258984F20014F696 /* ParametersEncoding.swift in Sources */,
				B21CECCB258D59F300B3A30B /* DetailContainerView+PeopleDescription.swift in Sources */,
				B2E65E6A258984F20014F696 /* StarWarsProtocol.swift in Sources */,
				B2E65E65258984F20014F696 /* URLSessionProvider.swift in Sources */,
				B24010B2258AAE27001AAECE /* CollectionCell.swift in Sources */,
				B21CECBC258D48A000B3A30B /* PersonDetailViewController.swift in Sources */,
				B21CECC3258D4A5200B3A30B /* DetailContainerView.swift in Sources */,
				B21CECD3258D60B700B3A30B /* UINavigationController+.swift in Sources */,
				B209D61C258ADD0C00257607 /* UIImageView+.swift in Sources */,
				B2E65E68258984F20014F696 /* DefaultConfigurator.swift in Sources */,
				B2E65E74258985E00014F696 /* NetworkError.swift in Sources */,
				B24010B3258AAE27001AAECE /* TableCell.swift in Sources */,
				B2401069258A947B001AAECE /* FillButton.swift in Sources */,
				B2E65E7C25898ACE0014F696 /* StarwarsModels.swift in Sources */,
				B2E65E6C258984F20014F696 /* URLSessionProtocol.swift in Sources */,
				B2E65E63258984F20014F696 /* Task.swift in Sources */,
				B2E65E67258984F20014F696 /* URLRequestExtension.swift in Sources */,
				B240107C258A9838001AAECE /* String+.swift in Sources */,
				B21CECCF258D5AEB00B3A30B /* DescriptionView.swift in Sources */,
				B21CECE0258E17EE00B3A30B /* DetailContainerView+Vehicles.swift in Sources */,
				B21CECD7258D63F100B3A30B /* DetailContainerView+Films.swift in Sources */,
				B278253E25896CC7004F1721 /* SceneDelegate.swift in Sources */,
				B2E65E6D258984F20014F696 /* ProviderProtocol.swift in Sources */,
			);
			runOnlyForDeploymentPostprocessing = 0;
		};
/* End PBXSourcesBuildPhase section */

/* Begin PBXVariantGroup section */
		B278254625896CC9004F1721 /* LaunchScreen.storyboard */ = {
			isa = PBXVariantGroup;
			children = (
				B278254725896CC9004F1721 /* Base */,
			);
			name = LaunchScreen.storyboard;
			sourceTree = "<group>";
		};
/* End PBXVariantGroup section */

/* Begin XCBuildConfiguration section */
		B278254A25896CC9004F1721 /* Debug */ = {
			isa = XCBuildConfiguration;
			buildSettings = {
				ALWAYS_SEARCH_USER_PATHS = NO;
				CLANG_ANALYZER_NONNULL = YES;
				CLANG_ANALYZER_NUMBER_OBJECT_CONVERSION = YES_AGGRESSIVE;
				CLANG_CXX_LANGUAGE_STANDARD = "gnu++14";
				CLANG_CXX_LIBRARY = "libc++";
				CLANG_ENABLE_MODULES = YES;
				CLANG_ENABLE_OBJC_ARC = YES;
				CLANG_ENABLE_OBJC_WEAK = YES;
				CLANG_WARN_BLOCK_CAPTURE_AUTORELEASING = YES;
				CLANG_WARN_BOOL_CONVERSION = YES;
				CLANG_WARN_COMMA = YES;
				CLANG_WARN_CONSTANT_CONVERSION = YES;
				CLANG_WARN_DEPRECATED_OBJC_IMPLEMENTATIONS = YES;
				CLANG_WARN_DIRECT_OBJC_ISA_USAGE = YES_ERROR;
				CLANG_WARN_DOCUMENTATION_COMMENTS = YES;
				CLANG_WARN_EMPTY_BODY = YES;
				CLANG_WARN_ENUM_CONVERSION = YES;
				CLANG_WARN_INFINITE_RECURSION = YES;
				CLANG_WARN_INT_CONVERSION = YES;
				CLANG_WARN_NON_LITERAL_NULL_CONVERSION = YES;
				CLANG_WARN_OBJC_IMPLICIT_RETAIN_SELF = YES;
				CLANG_WARN_OBJC_LITERAL_CONVERSION = YES;
				CLANG_WARN_OBJC_ROOT_CLASS = YES_ERROR;
				CLANG_WARN_QUOTED_INCLUDE_IN_FRAMEWORK_HEADER = YES;
				CLANG_WARN_RANGE_LOOP_ANALYSIS = YES;
				CLANG_WARN_STRICT_PROTOTYPES = YES;
				CLANG_WARN_SUSPICIOUS_MOVE = YES;
				CLANG_WARN_UNGUARDED_AVAILABILITY = YES_AGGRESSIVE;
				CLANG_WARN_UNREACHABLE_CODE = YES;
				CLANG_WARN__DUPLICATE_METHOD_MATCH = YES;
				COPY_PHASE_STRIP = NO;
				DEBUG_INFORMATION_FORMAT = dwarf;
				ENABLE_STRICT_OBJC_MSGSEND = YES;
				ENABLE_TESTABILITY = YES;
				GCC_C_LANGUAGE_STANDARD = gnu11;
				GCC_DYNAMIC_NO_PIC = NO;
				GCC_NO_COMMON_BLOCKS = YES;
				GCC_OPTIMIZATION_LEVEL = 0;
				GCC_PREPROCESSOR_DEFINITIONS = (
					"DEBUG=1",
					"$(inherited)",
				);
				GCC_WARN_64_TO_32_BIT_CONVERSION = YES;
				GCC_WARN_ABOUT_RETURN_TYPE = YES_ERROR;
				GCC_WARN_UNDECLARED_SELECTOR = YES;
				GCC_WARN_UNINITIALIZED_AUTOS = YES_AGGRESSIVE;
				GCC_WARN_UNUSED_FUNCTION = YES;
				GCC_WARN_UNUSED_VARIABLE = YES;
				IPHONEOS_DEPLOYMENT_TARGET = 14.1;
				MTL_ENABLE_DEBUG_INFO = INCLUDE_SOURCE;
				MTL_FAST_MATH = YES;
				ONLY_ACTIVE_ARCH = YES;
				SDKROOT = iphoneos;
				SWIFT_ACTIVE_COMPILATION_CONDITIONS = DEBUG;
				SWIFT_OPTIMIZATION_LEVEL = "-Onone";
			};
			name = Debug;
		};
		B278254B25896CC9004F1721 /* Release */ = {
			isa = XCBuildConfiguration;
			buildSettings = {
				ALWAYS_SEARCH_USER_PATHS = NO;
				CLANG_ANALYZER_NONNULL = YES;
				CLANG_ANALYZER_NUMBER_OBJECT_CONVERSION = YES_AGGRESSIVE;
				CLANG_CXX_LANGUAGE_STANDARD = "gnu++14";
				CLANG_CXX_LIBRARY = "libc++";
				CLANG_ENABLE_MODULES = YES;
				CLANG_ENABLE_OBJC_ARC = YES;
				CLANG_ENABLE_OBJC_WEAK = YES;
				CLANG_WARN_BLOCK_CAPTURE_AUTORELEASING = YES;
				CLANG_WARN_BOOL_CONVERSION = YES;
				CLANG_WARN_COMMA = YES;
				CLANG_WARN_CONSTANT_CONVERSION = YES;
				CLANG_WARN_DEPRECATED_OBJC_IMPLEMENTATIONS = YES;
				CLANG_WARN_DIRECT_OBJC_ISA_USAGE = YES_ERROR;
				CLANG_WARN_DOCUMENTATION_COMMENTS = YES;
				CLANG_WARN_EMPTY_BODY = YES;
				CLANG_WARN_ENUM_CONVERSION = YES;
				CLANG_WARN_INFINITE_RECURSION = YES;
				CLANG_WARN_INT_CONVERSION = YES;
				CLANG_WARN_NON_LITERAL_NULL_CONVERSION = YES;
				CLANG_WARN_OBJC_IMPLICIT_RETAIN_SELF = YES;
				CLANG_WARN_OBJC_LITERAL_CONVERSION = YES;
				CLANG_WARN_OBJC_ROOT_CLASS = YES_ERROR;
				CLANG_WARN_QUOTED_INCLUDE_IN_FRAMEWORK_HEADER = YES;
				CLANG_WARN_RANGE_LOOP_ANALYSIS = YES;
				CLANG_WARN_STRICT_PROTOTYPES = YES;
				CLANG_WARN_SUSPICIOUS_MOVE = YES;
				CLANG_WARN_UNGUARDED_AVAILABILITY = YES_AGGRESSIVE;
				CLANG_WARN_UNREACHABLE_CODE = YES;
				CLANG_WARN__DUPLICATE_METHOD_MATCH = YES;
				COPY_PHASE_STRIP = NO;
				DEBUG_INFORMATION_FORMAT = "dwarf-with-dsym";
				ENABLE_NS_ASSERTIONS = NO;
				ENABLE_STRICT_OBJC_MSGSEND = YES;
				GCC_C_LANGUAGE_STANDARD = gnu11;
				GCC_NO_COMMON_BLOCKS = YES;
				GCC_WARN_64_TO_32_BIT_CONVERSION = YES;
				GCC_WARN_ABOUT_RETURN_TYPE = YES_ERROR;
				GCC_WARN_UNDECLARED_SELECTOR = YES;
				GCC_WARN_UNINITIALIZED_AUTOS = YES_AGGRESSIVE;
				GCC_WARN_UNUSED_FUNCTION = YES;
				GCC_WARN_UNUSED_VARIABLE = YES;
				IPHONEOS_DEPLOYMENT_TARGET = 14.1;
				MTL_ENABLE_DEBUG_INFO = NO;
				MTL_FAST_MATH = YES;
				SDKROOT = iphoneos;
				SWIFT_COMPILATION_MODE = wholemodule;
				SWIFT_OPTIMIZATION_LEVEL = "-O";
				VALIDATE_PRODUCT = YES;
			};
			name = Release;
		};
		B278254D25896CC9004F1721 /* Debug */ = {
			isa = XCBuildConfiguration;
			baseConfigurationReference = CE1CE4AC6DB79A72E02CBDE3 /* Pods-Skylabs.debug.xcconfig */;
			buildSettings = {
				ASSETCATALOG_COMPILER_APPICON_NAME = AppIcon;
				ASSETCATALOG_COMPILER_GLOBAL_ACCENT_COLOR_NAME = AccentColor;
				CODE_SIGN_STYLE = Automatic;
				DEVELOPMENT_TEAM = 7P5925Q55N;
				INFOPLIST_FILE = Skylabs/Info.plist;
				LD_RUNPATH_SEARCH_PATHS = (
					"$(inherited)",
					"@executable_path/Frameworks",
				);
				PRODUCT_BUNDLE_IDENTIFIER = com.demarco.it.Skylabs;
				PRODUCT_NAME = "$(TARGET_NAME)";
				SWIFT_VERSION = 5.0;
				TARGETED_DEVICE_FAMILY = "1,2";
			};
			name = Debug;
		};
		B278254E25896CC9004F1721 /* Release */ = {
			isa = XCBuildConfiguration;
			baseConfigurationReference = 6FB4856CB384116221C5954B /* Pods-Skylabs.release.xcconfig */;
			buildSettings = {
				ASSETCATALOG_COMPILER_APPICON_NAME = AppIcon;
				ASSETCATALOG_COMPILER_GLOBAL_ACCENT_COLOR_NAME = AccentColor;
				CODE_SIGN_STYLE = Automatic;
				DEVELOPMENT_TEAM = 7P5925Q55N;
				INFOPLIST_FILE = Skylabs/Info.plist;
				LD_RUNPATH_SEARCH_PATHS = (
					"$(inherited)",
					"@executable_path/Frameworks",
				);
				PRODUCT_BUNDLE_IDENTIFIER = com.demarco.it.Skylabs;
				PRODUCT_NAME = "$(TARGET_NAME)";
				SWIFT_VERSION = 5.0;
				TARGETED_DEVICE_FAMILY = "1,2";
			};
			name = Release;
		};
/* End XCBuildConfiguration section */

/* Begin XCConfigurationList section */
		B278253325896CC7004F1721 /* Build configuration list for PBXProject "Skylabs" */ = {
			isa = XCConfigurationList;
			buildConfigurations = (
				B278254A25896CC9004F1721 /* Debug */,
				B278254B25896CC9004F1721 /* Release */,
			);
			defaultConfigurationIsVisible = 0;
			defaultConfigurationName = Release;
		};
		B278254C25896CC9004F1721 /* Build configuration list for PBXNativeTarget "Skylabs" */ = {
			isa = XCConfigurationList;
			buildConfigurations = (
				B278254D25896CC9004F1721 /* Debug */,
				B278254E25896CC9004F1721 /* Release */,
			);
			defaultConfigurationIsVisible = 0;
			defaultConfigurationName = Release;
		};
/* End XCConfigurationList section */
	};
	rootObject = B278253025896CC7004F1721 /* Project object */;
}
